# THIS IS AN AUTOGENERATED FILE. DO NOT EDIT THIS FILE DIRECTLY.
# yarn lockfile v1


"@apollo/protobufjs@1.2.6":
  version "1.2.6"
  resolved "https://registry.npmjs.org/@apollo/protobufjs/-/protobufjs-1.2.6.tgz"
  integrity sha512-Wqo1oSHNUj/jxmsVp4iR3I480p6qdqHikn38lKrFhfzcDJ7lwd7Ck7cHRl4JE81tWNArl77xhnG/OkZhxKBYOw==
  dependencies:
    "@protobufjs/aspromise" "^1.1.2"
    "@protobufjs/base64" "^1.1.2"
    "@protobufjs/codegen" "^2.0.4"
    "@protobufjs/eventemitter" "^1.1.0"
    "@protobufjs/fetch" "^1.1.0"
    "@protobufjs/float" "^1.0.2"
    "@protobufjs/inquire" "^1.1.0"
    "@protobufjs/path" "^1.1.2"
    "@protobufjs/pool" "^1.1.0"
    "@protobufjs/utf8" "^1.1.0"
    "@types/long" "^4.0.0"
    "@types/node" "^10.1.0"
    long "^4.0.0"

"@apollo/protobufjs@1.2.7":
  version "1.2.7"
  resolved "https://registry.npmjs.org/@apollo/protobufjs/-/protobufjs-1.2.7.tgz"
  integrity sha512-Lahx5zntHPZia35myYDBRuF58tlwPskwHc5CWBZC/4bMKB6siTBWwtMrkqXcsNwQiFSzSx5hKdRPUmemrEp3Gg==
  dependencies:
    "@protobufjs/aspromise" "^1.1.2"
    "@protobufjs/base64" "^1.1.2"
    "@protobufjs/codegen" "^2.0.4"
    "@protobufjs/eventemitter" "^1.1.0"
    "@protobufjs/fetch" "^1.1.0"
    "@protobufjs/float" "^1.0.2"
    "@protobufjs/inquire" "^1.1.0"
    "@protobufjs/path" "^1.1.2"
    "@protobufjs/pool" "^1.1.0"
    "@protobufjs/utf8" "^1.1.0"
    "@types/long" "^4.0.0"
    long "^4.0.0"

"@apollo/usage-reporting-protobuf@^4.0.0":
  version "4.1.1"
  resolved "https://registry.npmjs.org/@apollo/usage-reporting-protobuf/-/usage-reporting-protobuf-4.1.1.tgz"
  integrity sha512-u40dIUePHaSKVshcedO7Wp+mPiZsaU6xjv9J+VyxpoU/zL6Jle+9zWeG98tr/+SZ0nZ4OXhrbb8SNr0rAPpIDA==
  dependencies:
    "@apollo/protobufjs" "1.2.7"

"@apollo/utils.dropunuseddefinitions@^1.1.0":
  version "1.1.0"
  resolved "https://registry.npmjs.org/@apollo/utils.dropunuseddefinitions/-/utils.dropunuseddefinitions-1.1.0.tgz"
  integrity sha512-jU1XjMr6ec9pPoL+BFWzEPW7VHHulVdGKMkPAMiCigpVIT11VmCbnij0bWob8uS3ODJ65tZLYKAh/55vLw2rbg==

"@apollo/utils.keyvaluecache@^1.0.1":
  version "1.0.2"
  resolved "https://registry.npmjs.org/@apollo/utils.keyvaluecache/-/utils.keyvaluecache-1.0.2.tgz"
  integrity sha512-p7PVdLPMnPzmXSQVEsy27cYEjVON+SH/Wb7COyW3rQN8+wJgT1nv9jZouYtztWW8ZgTkii5T6tC9qfoDREd4mg==
  dependencies:
    "@apollo/utils.logger" "^1.0.0"
    lru-cache "7.10.1 - 7.13.1"

"@apollo/utils.logger@^1.0.0":
  version "1.0.1"
  resolved "https://registry.npmjs.org/@apollo/utils.logger/-/utils.logger-1.0.1.tgz"
  integrity sha512-XdlzoY7fYNK4OIcvMD2G94RoFZbzTQaNP0jozmqqMudmaGo2I/2Jx71xlDJ801mWA/mbYRihyaw6KJii7k5RVA==

"@apollo/utils.printwithreducedwhitespace@^1.1.0":
  version "1.1.0"
  resolved "https://registry.npmjs.org/@apollo/utils.printwithreducedwhitespace/-/utils.printwithreducedwhitespace-1.1.0.tgz"
  integrity sha512-GfFSkAv3n1toDZ4V6u2d7L4xMwLA+lv+6hqXicMN9KELSJ9yy9RzuEXaX73c/Ry+GzRsBy/fdSUGayGqdHfT2Q==

"@apollo/utils.removealiases@1.0.0":
  version "1.0.0"
  resolved "https://registry.npmjs.org/@apollo/utils.removealiases/-/utils.removealiases-1.0.0.tgz"
  integrity sha512-6cM8sEOJW2LaGjL/0vHV0GtRaSekrPQR4DiywaApQlL9EdROASZU5PsQibe2MWeZCOhNrPRuHh4wDMwPsWTn8A==

"@apollo/utils.sortast@^1.1.0":
  version "1.1.0"
  resolved "https://registry.npmjs.org/@apollo/utils.sortast/-/utils.sortast-1.1.0.tgz"
  integrity sha512-VPlTsmUnOwzPK5yGZENN069y6uUHgeiSlpEhRnLFYwYNoJHsuJq2vXVwIaSmts015WTPa2fpz1inkLYByeuRQA==
  dependencies:
    lodash.sortby "^4.7.0"

"@apollo/utils.stripsensitiveliterals@^1.2.0":
  version "1.2.0"
  resolved "https://registry.npmjs.org/@apollo/utils.stripsensitiveliterals/-/utils.stripsensitiveliterals-1.2.0.tgz"
  integrity sha512-E41rDUzkz/cdikM5147d8nfCFVKovXxKBcjvLEQ7bjZm/cg9zEcXvS6vFY8ugTubI3fn6zoqo0CyU8zT+BGP9w==

"@apollo/utils.usagereporting@^1.0.0":
  version "1.0.1"
  resolved "https://registry.npmjs.org/@apollo/utils.usagereporting/-/utils.usagereporting-1.0.1.tgz"
  integrity sha512-6dk+0hZlnDbahDBB2mP/PZ5ybrtCJdLMbeNJD+TJpKyZmSY6bA3SjI8Cr2EM9QA+AdziywuWg+SgbWUF3/zQqQ==
  dependencies:
    "@apollo/usage-reporting-protobuf" "^4.0.0"
    "@apollo/utils.dropunuseddefinitions" "^1.1.0"
    "@apollo/utils.printwithreducedwhitespace" "^1.1.0"
    "@apollo/utils.removealiases" "1.0.0"
    "@apollo/utils.sortast" "^1.1.0"
    "@apollo/utils.stripsensitiveliterals" "^1.2.0"

"@apollographql/apollo-tools@^0.5.3":
  version "0.5.4"
  resolved "https://registry.npmjs.org/@apollographql/apollo-tools/-/apollo-tools-0.5.4.tgz"
  integrity sha512-shM3q7rUbNyXVVRkQJQseXv6bnYM3BUma/eZhwXR4xsuM+bqWnJKvW7SAfRjP7LuSCocrexa5AXhjjawNHrIlw==

"@apollographql/graphql-playground-html@1.6.29":
  version "1.6.29"
  resolved "https://registry.npmjs.org/@apollographql/graphql-playground-html/-/graphql-playground-html-1.6.29.tgz"
  integrity sha512-xCcXpoz52rI4ksJSdOCxeOCn2DLocxwHf9dVT/Q90Pte1LX+LY+91SFtJF3KXVHH8kEin+g1KKCQPKBjZJfWNA==
  dependencies:
    xss "^1.0.8"

"@cspotcode/source-map-support@^0.8.0":
  version "0.8.1"
  resolved "https://registry.npmjs.org/@cspotcode/source-map-support/-/source-map-support-0.8.1.tgz"
  integrity sha512-IchNf6dN4tHoMFIn/7OE8LWZ19Y6q/67Bmf6vnGREv8RSbBVb9LPJxEcnwrcwX6ixSvaiGoomAUvu4YSxXrVgw==
  dependencies:
    "@jridgewell/trace-mapping" "0.3.9"

"@graphql-tools/merge@^8.1.0":
  version "8.1.2"
  resolved "https://registry.npmjs.org/@graphql-tools/merge/-/merge-8.1.2.tgz"
  integrity sha512-kFLd4kKNJXYXnKIhM8q9zgGAtbLmsy3WmGdDxYq3YHBJUogucAxnivQYyRIseUq37KGmSAIWu3pBQ23TKGsGOw==
  dependencies:
    "@graphql-tools/utils" "^8.2.2"
    tslib "~2.3.0"

"@graphql-tools/mock@^8.1.2":
  version "8.4.0"
  resolved "https://registry.npmjs.org/@graphql-tools/mock/-/mock-8.4.0.tgz"
  integrity sha512-RKcqmw7P5pC2ULh2/kg/erxxsd7lEV/wnI5jNgahkCw8wiSC8OI3SwNMwjfrlpYogs7eEhiXi7Ix6abCiFUURw==
  dependencies:
    "@graphql-tools/schema" "^8.2.0"
    "@graphql-tools/utils" "^8.2.3"
    fast-json-stable-stringify "^2.1.0"
    tslib "~2.3.0"

"@graphql-tools/schema@^8.0.0", "@graphql-tools/schema@^8.2.0":
  version "8.2.0"
  resolved "https://registry.npmjs.org/@graphql-tools/schema/-/schema-8.2.0.tgz"
  integrity sha512-ufmI5mJQa8NJczzfkh0pUttKvspqDcT5LLakA3jUmOrrE4d4NVj6onZlazdTzF5sAepSNqanFnwhrxZpCAJMKg==
  dependencies:
    "@graphql-tools/merge" "^8.1.0"
    "@graphql-tools/utils" "^8.2.0"
    tslib "~2.3.0"
    value-or-promise "1.0.10"

"@graphql-tools/utils@^8.2.0", "@graphql-tools/utils@^8.2.2", "@graphql-tools/utils@^8.2.3":
  version "8.2.5"
  resolved "https://registry.npmjs.org/@graphql-tools/utils/-/utils-8.2.5.tgz"
  integrity sha512-k/Rktklhy22dQfbJLKiLGfQymQCTr6Rd2BilC7g2Yk6wFSzVLYr8jeXNoTD+/p61XBQzBjTVayskvaMvNS3BDg==
  dependencies:
    tslib "~2.3.0"

"@josephg/resolvable@^1.0.0":
  version "1.0.1"
  resolved "https://registry.npmjs.org/@josephg/resolvable/-/resolvable-1.0.1.tgz"
  integrity sha512-CtzORUwWTTOTqfVtHaKRJ0I1kNQd1bpn3sUh8I3nJDVY+5/M/Oe1DnEWzPQvqq/xPIIkzzzIP7mfCoAjFRvDhg==

"@jridgewell/resolve-uri@^3.0.3":
  version "3.1.2"
  resolved "https://registry.npmjs.org/@jridgewell/resolve-uri/-/resolve-uri-3.1.2.tgz"
  integrity sha512-bRISgCIjP20/tbWSPWMEi54QVPRZExkuD9lJL+UIxUKtwVJA8wW1Trb1jMs1RFXo1CBTNZ/5hpC9QvmKWdopKw==

"@jridgewell/sourcemap-codec@^1.4.10":
  version "1.4.15"
  resolved "https://registry.npmjs.org/@jridgewell/sourcemap-codec/-/sourcemap-codec-1.4.15.tgz"
  integrity sha512-eF2rxCRulEKXHTRiDrDy6erMYWqNw4LPdQ8UQA4huuxaQsVeRPFl2oM8oDGxMFhJUWZf9McpLtJasDDZb/Bpeg==

"@jridgewell/trace-mapping@0.3.9":
  version "0.3.9"
  resolved "https://registry.npmjs.org/@jridgewell/trace-mapping/-/trace-mapping-0.3.9.tgz"
  integrity sha512-3Belt6tdc8bPgAtbcmdtNJlirVoTmEb5e2gC94PnkwEW9jI6CAHUeoG85tjWP5WquqfavoMtMwiG4P926ZKKuQ==
  dependencies:
    "@jridgewell/resolve-uri" "^3.0.3"
    "@jridgewell/sourcemap-codec" "^1.4.10"

"@prisma/debug@5.15.0":
  version "5.15.0"
  resolved "https://registry.npmjs.org/@prisma/debug/-/debug-5.15.0.tgz"
  integrity sha512-QpEAOjieLPc/4sMny/WrWqtpIAmBYsgqwWlWwIctqZO0AbhQ9QcT6x2Ut3ojbDo/pFRCCA1Z1+xm2MUy7fAkZA==

"@prisma/engines-version@5.15.0-29.12e25d8d06f6ea5a0252864dd9a03b1bb51f3022":
  version "5.15.0-29.12e25d8d06f6ea5a0252864dd9a03b1bb51f3022"
  resolved "https://registry.npmjs.org/@prisma/engines-version/-/engines-version-5.15.0-29.12e25d8d06f6ea5a0252864dd9a03b1bb51f3022.tgz"
  integrity sha512-3BEgZ41Qb4oWHz9kZNofToRvNeS4LZYaT9pienR1gWkjhky6t6K1NyeWNBkqSj2llgraUNbgMOCQPY4f7Qp5wA==

"@prisma/engines@5.15.0":
  version "5.15.0"
  resolved "https://registry.npmjs.org/@prisma/engines/-/engines-5.15.0.tgz"
  integrity sha512-hXL5Sn9hh/ZpRKWiyPA5GbvF3laqBHKt6Vo70hYqqOhh5e0ZXDzHcdmxNvOefEFeqxra2DMz2hNbFoPvqrVe1w==
  dependencies:
    "@prisma/debug" "5.15.0"
    "@prisma/engines-version" "5.15.0-29.12e25d8d06f6ea5a0252864dd9a03b1bb51f3022"
    "@prisma/fetch-engine" "5.15.0"
    "@prisma/get-platform" "5.15.0"

"@prisma/fetch-engine@5.15.0":
  version "5.15.0"
  resolved "https://registry.npmjs.org/@prisma/fetch-engine/-/fetch-engine-5.15.0.tgz"
  integrity sha512-z6AY5yyXxc20Klj7wwnfGP0iIUkVKzybqapT02zLYR/nf9ynaeN8bq73WRmi1TkLYn+DJ5Qy+JGu7hBf1pE78A==
  dependencies:
    "@prisma/debug" "5.15.0"
    "@prisma/engines-version" "5.15.0-29.12e25d8d06f6ea5a0252864dd9a03b1bb51f3022"
    "@prisma/get-platform" "5.15.0"

"@prisma/get-platform@5.15.0":
  version "5.15.0"
  resolved "https://registry.npmjs.org/@prisma/get-platform/-/get-platform-5.15.0.tgz"
  integrity sha512-1GULDkW4+/VQb73vihxCBSc4Chc2x88MA+O40tcZFjmBzG4/fF44PaXFxUqKSFltxU9L9GIMLhh0Gfkk/pUbtg==
  dependencies:
    "@prisma/debug" "5.15.0"

"@protobufjs/aspromise@^1.1.1", "@protobufjs/aspromise@^1.1.2":
  version "1.1.2"
  resolved "https://registry.npmjs.org/@protobufjs/aspromise/-/aspromise-1.1.2.tgz"

"@protobufjs/base64@^1.1.2":
  version "1.1.2"

"@protobufjs/codegen@^2.0.4":
  version "2.0.4"

"@protobufjs/eventemitter@^1.1.0":
  version "1.1.0"

"@protobufjs/fetch@^1.1.0":
  version "1.1.0"
  dependencies:
    "@protobufjs/aspromise" "^1.1.1"
    "@protobufjs/inquire" "^1.1.0"

"@protobufjs/float@^1.0.2":
  version "1.0.2"

"@protobufjs/inquire@^1.1.0":
  version "1.1.0"

"@protobufjs/path@^1.1.2":
  version "1.1.2"

"@protobufjs/pool@^1.1.0":
  version "1.1.0"

"@protobufjs/utf8@^1.1.0":
  version "1.1.0"

"@tsconfig/node10@^1.0.7":
  version "1.0.8"

"@tsconfig/node12@^1.0.7":
  version "1.0.9"

"@tsconfig/node14@^1.0.0":
  version "1.0.1"

"@tsconfig/node16@^1.0.2":
  version "1.0.2"

"@types/accepts@^1.3.5":
  version "1.3.5"
  dependencies:
    "@types/node" "*"

"@types/body-parser@*", "@types/body-parser@1.19.2":
  version "1.19.2"
  dependencies:
    "@types/connect" "*"
    "@types/node" "*"

"@types/connect@*":
  version "3.4.35"
  dependencies:
    "@types/node" "*"

"@types/cors@2.8.12":
  version "2.8.12"

"@types/express-serve-static-core@^4.17.18", "@types/express-serve-static-core@4.17.31":
  version "4.17.31"
  dependencies:
    "@types/node" "*"
    "@types/qs" "*"
    "@types/range-parser" "*"

"@types/express@4.17.14":
  version "4.17.14"
  dependencies:
    "@types/body-parser" "*"
    "@types/express-serve-static-core" "^4.17.18"
    "@types/qs" "*"
    "@types/serve-static" "*"

"@types/long@^4.0.0":
  version "4.0.1"

"@types/mime@^1":
  version "1.3.2"

"@types/node@*":
  version "16.10.3"

"@types/node@^10.1.0":
  version "10.17.60"

"@types/qs@*":
  version "6.9.7"

"@types/range-parser@*":
  version "1.2.4"

"@types/serve-static@*":
  version "1.13.10"
  dependencies:
    "@types/mime" "^1"
    "@types/node" "*"

abbrev@1:
  version "1.1.1"

accepts@^1.3.5, accepts@~1.3.7:
  version "1.3.7"
  dependencies:
    mime-types "~2.1.24"
    negotiator "0.6.2"

acorn-walk@^8.1.1:
  version "8.2.0"

acorn@^8.4.1:
  version "8.5.0"

anymatch@~3.1.2:
  version "3.1.2"
  dependencies:
    normalize-path "^3.0.0"
    picomatch "^2.0.4"

"api@file:C:\\Users\\Romario Diaz\\Desktop\\platzi\\GraphQL-node-js-backend\\api":
  version "1.0.0"
  resolved "file:api"
  dependencies:
    apollo-server "^3.13.0"
    graphql "^15.8.0"
    nodemon "^3.1.3"
    prisma "^5.15.0"
    ts-node "^10.9.2"

apollo-datasource@^3.3.2:
  version "3.3.2"
  dependencies:
    "@apollo/utils.keyvaluecache" "^1.0.1"
    apollo-server-env "^4.2.1"

apollo-reporting-protobuf@^3.4.0:
  version "3.4.0"
  dependencies:
    "@apollo/protobufjs" "1.2.6"

apollo-server-core@^3.13.0:
  version "3.13.0"
  dependencies:
    "@apollo/utils.keyvaluecache" "^1.0.1"
    "@apollo/utils.logger" "^1.0.0"
    "@apollo/utils.usagereporting" "^1.0.0"
    "@apollographql/apollo-tools" "^0.5.3"
    "@apollographql/graphql-playground-html" "1.6.29"
    "@graphql-tools/mock" "^8.1.2"
    "@graphql-tools/schema" "^8.0.0"
    "@josephg/resolvable" "^1.0.0"
    apollo-datasource "^3.3.2"
    apollo-reporting-protobuf "^3.4.0"
    apollo-server-env "^4.2.1"
    apollo-server-errors "^3.3.1"
    apollo-server-plugin-base "^3.7.2"
    apollo-server-types "^3.8.0"
    async-retry "^1.2.1"
    fast-json-stable-stringify "^2.1.0"
    graphql-tag "^2.11.0"
    loglevel "^1.6.8"
    lru-cache "^6.0.0"
    node-abort-controller "^3.0.1"
    sha.js "^2.4.11"
    uuid "^9.0.0"
    whatwg-mimetype "^3.0.0"

apollo-server-env@^4.2.1:
  version "4.2.1"
  dependencies:
    node-fetch "^2.6.7"

apollo-server-errors@^3.3.1:
  version "3.3.1"

apollo-server-express@^3.13.0:
  version "3.13.0"
  dependencies:
    "@types/accepts" "^1.3.5"
    "@types/body-parser" "1.19.2"
    "@types/cors" "2.8.12"
    "@types/express" "4.17.14"
    "@types/express-serve-static-core" "4.17.31"
    accepts "^1.3.5"
    apollo-server-core "^3.13.0"
    apollo-server-types "^3.8.0"
    body-parser "^1.19.0"
    cors "^2.8.5"
    parseurl "^1.3.3"

apollo-server-plugin-base@^3.7.2:
  version "3.7.2"
  dependencies:
    apollo-server-types "^3.8.0"

apollo-server-types@^3.8.0:
  version "3.8.0"
  dependencies:
    "@apollo/utils.keyvaluecache" "^1.0.1"
    "@apollo/utils.logger" "^1.0.0"
    apollo-reporting-protobuf "^3.4.0"
    apollo-server-env "^4.2.1"

apollo-server@^3.13.0:
  version "3.13.0"
  dependencies:
    "@types/express" "4.17.14"
    apollo-server-core "^3.13.0"
    apollo-server-express "^3.13.0"
    express "^4.17.1"

arg@^4.1.0:
  version "4.1.3"

array-flatten@1.1.1:
  version "1.1.1"

async-retry@^1.2.1:
  version "1.3.3"
  dependencies:
    retry "0.13.1"

balanced-match@^1.0.0:
  version "1.0.2"
  resolved "https://registry.npmjs.org/balanced-match/-/balanced-match-1.0.2.tgz"
  integrity sha512-3oSeUO0TMV67hN1AmbXsK4yaqU7tjiHlbxRDZOpH0KW9+CeX4bRAaX0Anxt0tx2MrpRpWwQaPwIlISEJhYU5Pw==

binary-extensions@^2.0.0:
  version "2.2.0"

body-parser@^1.19.0, body-parser@1.19.0:
  version "1.19.0"
  dependencies:
    bytes "3.1.0"
    content-type "~1.0.4"
    debug "2.6.9"
    depd "~1.1.2"
    http-errors "1.7.2"
    iconv-lite "0.4.24"
    on-finished "~2.3.0"
    qs "6.7.0"
    raw-body "2.4.0"
    type-is "~1.6.17"

brace-expansion@^1.1.7:
  version "1.1.11"
  resolved "https://registry.npmjs.org/brace-expansion/-/brace-expansion-1.1.11.tgz"
  integrity sha512-iCuPHDFgrHX7H2vEI/5xpz07zSHB00TpugqhmYtVmMO6518mCuRMoOYFldEBl0g187ufozdaHgWKcYFb61qGiA==
  dependencies:
    balanced-match "^1.0.0"
    concat-map "0.0.1"

braces@~3.0.2:
  version "3.0.2"
  dependencies:
    fill-range "^7.0.1"

bytes@3.1.0:
  version "3.1.0"

chokidar@^3.5.2:
  version "3.6.0"
  dependencies:
    anymatch "~3.1.2"
    braces "~3.0.2"
    glob-parent "~5.1.2"
    is-binary-path "~2.1.0"
    is-glob "~4.0.1"
    normalize-path "~3.0.0"
    readdirp "~3.6.0"
  optionalDependencies:
    fsevents "~2.3.2"

commander@^2.20.3:
  version "2.20.3"

concat-map@0.0.1:
  version "0.0.1"
  resolved "https://registry.npmjs.org/concat-map/-/concat-map-0.0.1.tgz"
  integrity sha512-/Srv4dswyQNBfohGpz9o6Yb3Gz3SrUDqBH5rTuhGR7ahtlbYKnVxw2bCFMRljaA7EXHaXZ8wsHdodFvbkhKmqg==

content-disposition@0.5.3:
  version "0.5.3"
  dependencies:
    safe-buffer "5.1.2"

content-type@~1.0.4:
  version "1.0.4"

cookie-signature@1.0.6:
  version "1.0.6"

cookie@0.4.0:
  version "0.4.0"

cors@^2.8.5:
  version "2.8.5"
  dependencies:
    object-assign "^4"
    vary "^1"

create-require@^1.1.0:
  version "1.1.1"

cssfilter@0.0.10:
  version "0.0.10"

debug@^4:
  version "4.3.5"
  dependencies:
    ms "2.1.2"

debug@2.6.9:
  version "2.6.9"
  dependencies:
    ms "2.0.0"

depd@~1.1.2:
  version "1.1.2"

destroy@~1.0.4:
  version "1.0.4"

diff@^4.0.1:
  version "4.0.2"

ee-first@1.1.1:
  version "1.1.1"

encodeurl@~1.0.2:
  version "1.0.2"

escape-html@~1.0.3:
  version "1.0.3"

etag@~1.8.1:
  version "1.8.1"

express@^4.17.1:
  version "4.17.1"
  dependencies:
    accepts "~1.3.7"
    array-flatten "1.1.1"
    body-parser "1.19.0"
    content-disposition "0.5.3"
    content-type "~1.0.4"
    cookie "0.4.0"
    cookie-signature "1.0.6"
    debug "2.6.9"
    depd "~1.1.2"
    encodeurl "~1.0.2"
    escape-html "~1.0.3"
    etag "~1.8.1"
    finalhandler "~1.1.2"
    fresh "0.5.2"
    merge-descriptors "1.0.1"
    methods "~1.1.2"
    on-finished "~2.3.0"
    parseurl "~1.3.3"
    path-to-regexp "0.1.7"
    proxy-addr "~2.0.5"
    qs "6.7.0"
    range-parser "~1.2.1"
    safe-buffer "5.1.2"
    send "0.17.1"
    serve-static "1.14.1"
    setprototypeof "1.1.1"
    statuses "~1.5.0"
    type-is "~1.6.18"
    utils-merge "1.0.1"
    vary "~1.1.2"

fast-json-stable-stringify@^2.1.0:
  version "2.1.0"
  resolved "https://registry.npmjs.org/fast-json-stable-stringify/-/fast-json-stable-stringify-2.1.0.tgz"
  integrity sha512-lhd/wF+Lk98HZoTCtlVraHtfh5XYijIjalXck7saUtuanSDyLMxnHhSXEDJqHxD7msR8D0uCmqlkwjCV8xvwHw==

fill-range@^7.0.1:
  version "7.0.1"
  dependencies:
    to-regex-range "^5.0.1"

finalhandler@~1.1.2:
  version "1.1.2"
  dependencies:
    debug "2.6.9"
    encodeurl "~1.0.2"
    escape-html "~1.0.3"
    on-finished "~2.3.0"
    parseurl "~1.3.3"
    statuses "~1.5.0"
    unpipe "~1.0.0"

forwarded@0.2.0:
  version "0.2.0"

fresh@0.5.2:
  version "0.5.2"

glob-parent@~5.1.2:
  version "5.1.2"
  resolved "https://registry.npmjs.org/glob-parent/-/glob-parent-5.1.2.tgz"
  integrity sha512-AOIgSQCepiJYwP3ARnGx+5VnTu2HBYdzbGP45eLw1vr3zB3vZLeyed1sC9hnbcOc9/SrMyM5RPQrkGz4aS9Zow==
  dependencies:
    is-glob "^4.0.1"

graphql-tag@^2.11.0:
  version "2.12.5"
  dependencies:
    tslib "^2.1.0"

"graphql@^0.9.0 || ^0.10.0 || ^0.11.0 || ^0.12.0 || ^0.13.0 || ^14.0.0 || ^15.0.0", "graphql@^14.0.0 || ^15.0.0 || ^16.0.0", "graphql@^14.2.1 || ^15.0.0 || ^16.0.0", "graphql@^15.3.0 || ^16.0.0", graphql@^15.8.0, "graphql@14.x || 15.x || 16.x":
  version "15.8.0"

has-flag@^3.0.0:
  version "3.0.0"

http-errors@~1.7.2, http-errors@1.7.2:
  version "1.7.2"
  dependencies:
    depd "~1.1.2"
    inherits "2.0.3"
    setprototypeof "1.1.1"
    statuses ">= 1.5.0 < 2"
    toidentifier "1.0.0"

iconv-lite@0.4.24:
  version "0.4.24"
  dependencies:
    safer-buffer ">= 2.1.2 < 3"

ignore-by-default@^1.0.1:
  version "1.0.1"

inherits@^2.0.1, inherits@2.0.3:
  version "2.0.3"

ipaddr.js@1.9.1:
  version "1.9.1"

is-binary-path@~2.1.0:
  version "2.1.0"
  dependencies:
    binary-extensions "^2.0.0"

is-extglob@^2.1.1:
  version "2.1.1"
  resolved "https://registry.npmjs.org/is-extglob/-/is-extglob-2.1.1.tgz"
  integrity sha512-SbKbANkN603Vi4jEZv49LeVJMn4yGwsbzZworEoyEiutsN3nJYdbO36zfhGJ6QEDpOZIFkDtnq5JRxmvl3jsoQ==

is-glob@^4.0.1, is-glob@~4.0.1:
  version "4.0.3"
  resolved "https://registry.npmjs.org/is-glob/-/is-glob-4.0.3.tgz"
  integrity sha512-xelSayHH36ZgE7ZWhli7pW34hNbNl8Ojv5KVmkJD4hBdD3th8Tfk9vYasLM+mXWOZhFkgZfxhLSnrwRr4elSSg==
  dependencies:
    is-extglob "^2.1.1"

is-number@^7.0.0:
  version "7.0.0"

lodash.sortby@^4.7.0:
  version "4.7.0"

loglevel@^1.6.8:
  version "1.7.1"

long@^4.0.0:
  version "4.0.0"

lru-cache@^6.0.0:
  version "6.0.0"
  dependencies:
    yallist "^4.0.0"

"lru-cache@7.10.1 - 7.13.1":
  version "7.13.1"

make-error@^1.1.1:
  version "1.3.6"

media-typer@0.3.0:
  version "0.3.0"

merge-descriptors@1.0.1:
  version "1.0.1"

methods@~1.1.2:
  version "1.1.2"

mime-db@1.50.0:
  version "1.50.0"

mime-types@~2.1.24:
  version "2.1.33"
  dependencies:
    mime-db "1.50.0"

mime@1.6.0:
  version "1.6.0"

minimatch@^3.1.2:
  version "3.1.2"
  resolved "https://registry.npmjs.org/minimatch/-/minimatch-3.1.2.tgz"
  integrity sha512-J7p63hRiAjw1NDEww1W7i37+ByIrOWO5XQQAzZ3VOcL0PNybwpfmV/N05zFAzwQ9USyEcX6t3UO+K5aqBQOIHw==
  dependencies:
    brace-expansion "^1.1.7"

ms@2.0.0:
  version "2.0.0"

ms@2.1.1:
  version "2.1.1"

ms@2.1.2:
  version "2.1.2"

negotiator@0.6.2:
  version "0.6.2"

node-abort-controller@^3.0.1:
  version "3.1.1"

node-fetch@^2.6.7:
  version "2.7.0"
  dependencies:
    whatwg-url "^5.0.0"

nodemon@^3.1.3:
  version "3.1.3"
  dependencies:
    chokidar "^3.5.2"
    debug "^4"
    ignore-by-default "^1.0.1"
    minimatch "^3.1.2"
    pstree.remy "^1.1.8"
    semver "^7.5.3"
    simple-update-notifier "^2.0.0"
    supports-color "^5.5.0"
    touch "^3.1.0"
    undefsafe "^2.0.5"

nopt@~1.0.10:
  version "1.0.10"
  dependencies:
    abbrev "1"

normalize-path@^3.0.0, normalize-path@~3.0.0:
  version "3.0.0"

object-assign@^4:
  version "4.1.1"

on-finished@~2.3.0:
  version "2.3.0"
  dependencies:
    ee-first "1.1.1"

parseurl@^1.3.3, parseurl@~1.3.3:
  version "1.3.3"

path-to-regexp@0.1.7:
  version "0.1.7"

picomatch@^2.0.4, picomatch@^2.2.1:
  version "2.3.0"

prisma@^5.15.0:
  version "5.15.0"
  resolved "https://registry.npmjs.org/prisma/-/prisma-5.15.0.tgz"
  integrity sha512-JA81ACQSCi3a7NUOgonOIkdx8PAVkO+HbUOxmd00Yb8DgIIEpr2V9+Qe/j6MLxIgWtE/OtVQ54rVjfYRbZsCfw==
  dependencies:
    "@prisma/engines" "5.15.0"

proxy-addr@~2.0.5:
  version "2.0.7"
  dependencies:
    forwarded "0.2.0"
    ipaddr.js "1.9.1"

pstree.remy@^1.1.8:
  version "1.1.8"

qs@6.7.0:
  version "6.7.0"

range-parser@~1.2.1:
  version "1.2.1"

raw-body@2.4.0:
  version "2.4.0"
  dependencies:
    bytes "3.1.0"
    http-errors "1.7.2"
    iconv-lite "0.4.24"
    unpipe "1.0.0"

readdirp@~3.6.0:
  version "3.6.0"
  dependencies:
    picomatch "^2.2.1"

retry@0.13.1:
  version "0.13.1"

safe-buffer@^5.0.1, safe-buffer@5.1.2:
  version "5.1.2"

"safer-buffer@>= 2.1.2 < 3":
  version "2.1.2"

semver@^7.5.3:
  version "7.6.2"
  resolved "https://registry.npmjs.org/semver/-/semver-7.6.2.tgz"
  integrity sha512-FNAIBWCx9qcRhoHcgcJ0gvU7SN1lYU2ZXuSfl04bSC5OpvDHFyJCjdNHomPXxjQlCBU67YW64PzY7/VIEH7F2w==

send@0.17.1:
  version "0.17.1"
  dependencies:
    debug "2.6.9"
    depd "~1.1.2"
    destroy "~1.0.4"
    encodeurl "~1.0.2"
    escape-html "~1.0.3"
    etag "~1.8.1"
    fresh "0.5.2"
    http-errors "~1.7.2"
    mime "1.6.0"
    ms "2.1.1"
    on-finished "~2.3.0"
    range-parser "~1.2.1"
    statuses "~1.5.0"

serve-static@1.14.1:
  version "1.14.1"
  dependencies:
    encodeurl "~1.0.2"
    escape-html "~1.0.3"
    parseurl "~1.3.3"
    send "0.17.1"

setprototypeof@1.1.1:
  version "1.1.1"

sha.js@^2.4.11:
  version "2.4.11"
  dependencies:
    inherits "^2.0.1"
    safe-buffer "^5.0.1"

simple-update-notifier@^2.0.0:
  version "2.0.0"
  dependencies:
    semver "^7.5.3"

"statuses@>= 1.5.0 < 2", statuses@~1.5.0:
  version "1.5.0"

supports-color@^5.5.0:
  version "5.5.0"
  dependencies:
    has-flag "^3.0.0"

to-regex-range@^5.0.1:
  version "5.0.1"
  dependencies:
    is-number "^7.0.0"

toidentifier@1.0.0:
  version "1.0.0"

touch@^3.1.0:
  version "3.1.0"
  dependencies:
    nopt "~1.0.10"

tr46@~0.0.3:
  version "0.0.3"

ts-node@^10.9.2:
  version "10.9.2"
  dependencies:
    "@cspotcode/source-map-support" "^0.8.0"
    "@tsconfig/node10" "^1.0.7"
    "@tsconfig/node12" "^1.0.7"
    "@tsconfig/node14" "^1.0.0"
    "@tsconfig/node16" "^1.0.2"
    acorn "^8.4.1"
    acorn-walk "^8.1.1"
    arg "^4.1.0"
    create-require "^1.1.0"
    diff "^4.0.1"
    make-error "^1.1.1"
    v8-compile-cache-lib "^3.0.1"
    yn "3.1.1"

tslib@^2.1.0, tslib@~2.3.0:
  version "2.3.1"

type-is@~1.6.17, type-is@~1.6.18:
  version "1.6.18"
  dependencies:
    media-typer "0.3.0"
    mime-types "~2.1.24"

typescript@>=2.7, typescript@4.4.x:
  version "4.4.4"
  resolved "https://registry.npmjs.org/typescript/-/typescript-4.4.4.tgz"
  integrity sha512-DqGhF5IKoBl8WNf8C1gu8q0xZSInh9j1kJJMqT3a94w1JzVaBU4EXOSMrz9yDqMT0xt3selp83fuFMQ0uzv6qA==

undefsafe@^2.0.5:
  version "2.0.5"

unpipe@~1.0.0, unpipe@1.0.0:
  version "1.0.0"

utils-merge@1.0.1:
  version "1.0.1"

uuid@^9.0.0:
  version "9.0.1"

v8-compile-cache-lib@^3.0.1:
  version "3.0.1"

value-or-promise@1.0.10:
  version "1.0.10"

vary@^1, vary@~1.1.2:
  version "1.1.2"

webidl-conversions@^3.0.0:
  version "3.0.1"

whatwg-mimetype@^3.0.0:
  version "3.0.0"

whatwg-url@^5.0.0:
  version "5.0.0"
  dependencies:
    tr46 "~0.0.3"
    webidl-conversions "^3.0.0"

xss@^1.0.8:
  version "1.0.9"
  dependencies:
    commander "^2.20.3"
    cssfilter "0.0.10"

yallist@^4.0.0:
  version "4.0.0"

yn@3.1.1:
  version "3.1.1"
